
Microsoft Visual Studio Solution File, Format Version 12.00
# Visual Studio 14
VisualStudioVersion = 14.0.25420.1
MinimumVisualStudioVersion = 10.0.40219.1
Project("{FAE04EC0-301F-11D3-BF4B-00C04F79EFBC}") = "CarStore.WebUI", "CarStore.WebUI\CarStore.WebUI.csproj", "{B8CE909C-29E0-4DAA-8EEC-20B4516D0336}"
EndProject
Project("{FAE04EC0-301F-11D3-BF4B-00C04F79EFBC}") = "CarStore.Data", "CarStore.Data\CarStore.Data.csproj", "{77E6D570-0FDB-4CE8-9736-7EEB1160B6C0}"
EndProject
Project("{FAE04EC0-301F-11D3-BF4B-00C04F79EFBC}") = "CarStore.Tests", "CarStore.Tests\CarStore.Tests.csproj", "{9EFD0C6A-2A2C-4E7D-9DCF-FAB785D10BA1}"
EndProject
Global
	GlobalSection(SolutionConfigurationPlatforms) = preSolution
		Debug|Any CPU = Debug|Any CPU
		Release|Any CPU = Release|Any CPU
	EndGlobalSection
	GlobalSection(ProjectConfigurationPlatforms) = postSolution
		{B8CE909C-29E0-4DAA-8EEC-20B4516D0336}.Debug|Any CPU.ActiveCfg = Debug|Any CPU
		{B8CE909C-29E0-4DAA-8EEC-20B4516D0336}.Debug|Any CPU.Build.0 = Debug|Any CPU
		{B8CE909C-29E0-4DAA-8EEC-20B4516D0336}.Release|Any CPU.ActiveCfg = Release|Any CPU
		{B8CE909C-29E0-4DAA-8EEC-20B4516D0336}.Release|Any CPU.Build.0 = Release|Any CPU
		{77E6D570-0FDB-4CE8-9736-7EEB1160B6C0}.Debug|Any CPU.ActiveCfg = Debug|Any CPU
		{77E6D570-0FDB-4CE8-9736-7EEB1160B6C0}.Debug|Any CPU.Build.0 = Debug|Any CPU
		{77E6D570-0FDB-4CE8-9736-7EEB1160B6C0}.Release|Any CPU.ActiveCfg = Release|Any CPU
		{77E6D570-0FDB-4CE8-9736-7EEB1160B6C0}.Release|Any CPU.Build.0 = Release|Any CPU
		{9EFD0C6A-2A2C-4E7D-9DCF-FAB785D10BA1}.Debug|Any CPU.ActiveCfg = Debug|Any CPU
		{9EFD0C6A-2A2C-4E7D-9DCF-FAB785D10BA1}.Debug|Any CPU.Build.0 = Debug|Any CPU
		{9EFD0C6A-2A2C-4E7D-9DCF-FAB785D10BA1}.Release|Any CPU.ActiveCfg = Release|Any CPU
		{9EFD0C6A-2A2C-4E7D-9DCF-FAB785D10BA1}.Release|Any CPU.Build.0 = Release|Any CPU
	EndGlobalSection
	GlobalSection(SolutionProperties) = preSolution
		HideSolutionNode = FALSE
	EndGlobalSection
EndGlobal
